// !$*UTF8*$!
{
	archiveVersion = 1;
	classes = {
	};
	objectVersion = 46;
	objects = {

/* Begin PBXBuildFile section */
		6D021AC51B9D93310069094C /* main.m in Sources */ = {isa = PBXBuildFile; fileRef = 6D021AC41B9D93310069094C /* main.m */; };
		6D021AC81B9D93310069094C /* AppDelegate.m in Sources */ = {isa = PBXBuildFile; fileRef = 6D021AC71B9D93310069094C /* AppDelegate.m */; };
		6D021ACE1B9D93310069094C /* Main.storyboard in Resources */ = {isa = PBXBuildFile; fileRef = 6D021ACC1B9D93310069094C /* Main.storyboard */; };
		6D021AD01B9D93310069094C /* Images.xcassets in Resources */ = {isa = PBXBuildFile; fileRef = 6D021ACF1B9D93310069094C /* Images.xcassets */; };
		6D021AD31B9D93310069094C /* LaunchScreen.xib in Resources */ = {isa = PBXBuildFile; fileRef = 6D021AD11B9D93310069094C /* LaunchScreen.xib */; };
		6D021ADF1B9D93310069094C /* DrawingTests.m in Sources */ = {isa = PBXBuildFile; fileRef = 6D021ADE1B9D93310069094C /* DrawingTests.m */; };
		6D44F4CE1BA6C92B00D220CC /* FigureController.m in Sources */ = {isa = PBXBuildFile; fileRef = 6D44F4CD1BA6C92B00D220CC /* FigureController.m */; };
		848857631BA31B24008FC036 /* ViewController.m in Sources */ = {isa = PBXBuildFile; fileRef = 848857621BA31B24008FC036 /* ViewController.m */; };
		84EBFC1B1B9DCFBC0072395C /* DrawFigure.m in Sources */ = {isa = PBXBuildFile; fileRef = 84EBFC1A1B9DCFBC0072395C /* DrawFigure.m */; };
/* End PBXBuildFile section */

/* Begin PBXContainerItemProxy section */
		6D021AD91B9D93310069094C /* PBXContainerItemProxy */ = {
			isa = PBXContainerItemProxy;
			containerPortal = 6D021AB71B9D93310069094C /* Project object */;
			proxyType = 1;
			remoteGlobalIDString = 6D021ABE1B9D93310069094C;
			remoteInfo = Drawing;
		};
/* End PBXContainerItemProxy section */

/* Begin PBXFileReference section */
		6D021ABF1B9D93310069094C /* Drawing.app */ = {isa = PBXFileReference; explicitFileType = wrapper.application; includeInIndex = 0; path = Drawing.app; sourceTree = BUILT_PRODUCTS_DIR; };
		6D021AC31B9D93310069094C /* Info.plist */ = {isa = PBXFileReference; lastKnownFileType = text.plist.xml; path = Info.plist; sourceTree = "<group>"; };
		6D021AC41B9D93310069094C /* main.m */ = {isa = PBXFileReference; lastKnownFileType = sourcecode.c.objc; path = main.m; sourceTree = "<group>"; };
		6D021AC61B9D93310069094C /* AppDelegate.h */ = {isa = PBXFileReference; lastKnownFileType = sourcecode.c.h; path = AppDelegate.h; sourceTree = "<group>"; };
		6D021AC71B9D93310069094C /* AppDelegate.m */ = {isa = PBXFileReference; lastKnownFileType = sourcecode.c.objc; path = AppDelegate.m; sourceTree = "<group>"; };
		6D021AC91B9D93310069094C /* ViewController.h */ = {isa = PBXFileReference; lastKnownFileType = sourcecode.c.h; path = ViewController.h; sourceTree = "<group>"; };
		6D021ACD1B9D93310069094C /* Base */ = {isa = PBXFileReference; lastKnownFileType = file.storyboard; name = Base; path = Base.lproj/Main.storyboard; sourceTree = "<group>"; };
		6D021ACF1B9D93310069094C /* Images.xcassets */ = {isa = PBXFileReference; lastKnownFileType = folder.assetcatalog; path = Images.xcassets; sourceTree = "<group>"; };
		6D021AD21B9D93310069094C /* Base */ = {isa = PBXFileReference; lastKnownFileType = file.xib; name = Base; path = Base.lproj/LaunchScreen.xib; sourceTree = "<group>"; };
		6D021AD81B9D93310069094C /* DrawingTests.xctest */ = {isa = PBXFileReference; explicitFileType = wrapper.cfbundle; includeInIndex = 0; path = DrawingTests.xctest; sourceTree = BUILT_PRODUCTS_DIR; };
		6D021ADD1B9D93310069094C /* Info.plist */ = {isa = PBXFileReference; lastKnownFileType = text.plist.xml; path = Info.plist; sourceTree = "<group>"; };
		6D021ADE1B9D93310069094C /* DrawingTests.m */ = {isa = PBXFileReference; lastKnownFileType = sourcecode.c.objc; path = DrawingTests.m; sourceTree = "<group>"; };
		6D44F4CC1BA6C92B00D220CC /* FigureController.h */ = {isa = PBXFileReference; fileEncoding = 4; lastKnownFileType = sourcecode.c.h; path = FigureController.h; sourceTree = "<group>"; };
		6D44F4CD1BA6C92B00D220CC /* FigureController.m */ = {isa = PBXFileReference; fileEncoding = 4; lastKnownFileType = sourcecode.c.objc; path = FigureController.m; sourceTree = "<group>"; };
		848857621BA31B24008FC036 /* ViewController.m */ = {isa = PBXFileReference; fileEncoding = 4; lastKnownFileType = sourcecode.c.objc; path = ViewController.m; sourceTree = "<group>"; };
		84EBFC191B9DCFBC0072395C /* DrawFigure.h */ = {isa = PBXFileReference; fileEncoding = 4; lastKnownFileType = sourcecode.c.h; path = DrawFigure.h; sourceTree = "<group>"; };
		84EBFC1A1B9DCFBC0072395C /* DrawFigure.m */ = {isa = PBXFileReference; fileEncoding = 4; lastKnownFileType = sourcecode.c.objc; path = DrawFigure.m; sourceTree = "<group>"; };
/* End PBXFileReference section */

/* Begin PBXFrameworksBuildPhase section */
		6D021ABC1B9D93310069094C /* Frameworks */ = {
			isa = PBXFrameworksBuildPhase;
			buildActionMask = 2147483647;
			files = (
			);
			runOnlyForDeploymentPostprocessing = 0;
		};
		6D021AD51B9D93310069094C /* Frameworks */ = {
			isa = PBXFrameworksBuildPhase;
			buildActionMask = 2147483647;
			files = (
			);
			runOnlyForDeploymentPostprocessing = 0;
		};
/* End PBXFrameworksBuildPhase section */

/* Begin PBXGroup section */
		6D021AB61B9D93310069094C = {
			isa = PBXGroup;
			children = (
				6D021AC11B9D93310069094C /* Drawing */,
				6D021ADB1B9D93310069094C /* DrawingTests */,
				6D021AC01B9D93310069094C /* Products */,
			);
			sourceTree = "<group>";
		};
		6D021AC01B9D93310069094C /* Products */ = {
			isa = PBXGroup;
			children = (
				6D021ABF1B9D93310069094C /* Drawing.app */,
				6D021AD81B9D93310069094C /* DrawingTests.xctest */,
			);
			name = Products;
			sourceTree = "<group>";
		};
		6D021AC11B9D93310069094C /* Drawing */ = {
			isa = PBXGroup;
			children = (
				6D021AC61B9D93310069094C /* AppDelegate.h */,
				6D021AC71B9D93310069094C /* AppDelegate.m */,
				6D021AC91B9D93310069094C /* ViewController.h */,
				848857621BA31B24008FC036 /* ViewController.m */,
				6D021ACC1B9D93310069094C /* Main.storyboard */,
				6D021ACF1B9D93310069094C /* Images.xcassets */,
				6D021AD11B9D93310069094C /* LaunchScreen.xib */,
				6D021AC21B9D93310069094C /* Supporting Files */,
				6D44F4CC1BA6C92B00D220CC /* FigureController.h */,
				6D44F4CD1BA6C92B00D220CC /* FigureController.m */,
			);
			path = Drawing;
			sourceTree = "<group>";
		};
		6D021AC21B9D93310069094C /* Supporting Files */ = {
			isa = PBXGroup;
			children = (
				6D021AC31B9D93310069094C /* Info.plist */,
				6D021AC41B9D93310069094C /* main.m */,
				84EBFC191B9DCFBC0072395C /* DrawFigure.h */,
				84EBFC1A1B9DCFBC0072395C /* DrawFigure.m */,
			);
			name = "Supporting Files";
			sourceTree = "<group>";
		};
		6D021ADB1B9D93310069094C /* DrawingTests */ = {
			isa = PBXGroup;
			children = (
				6D021ADE1B9D93310069094C /* DrawingTests.m */,
				6D021ADC1B9D93310069094C /* Supporting Files */,
			);
			path = DrawingTests;
			sourceTree = "<group>";
		};
		6D021ADC1B9D93310069094C /* Supporting Files */ = {
			isa = PBXGroup;
			children = (
				6D021ADD1B9D93310069094C /* Info.plist */,
			);
			name = "Supporting Files";
			sourceTree = "<group>";
		};
/* End PBXGroup section */

/* Begin PBXNativeTarget section */
		6D021ABE1B9D93310069094C /* Drawing */ = {
			isa = PBXNativeTarget;
			buildConfigurationList = 6D021AE21B9D93310069094C /* Build configuration list for PBXNativeTarget "Drawing" */;
			buildPhases = (
				6D021ABB1B9D93310069094C /* Sources */,
				6D021ABC1B9D93310069094C /* Frameworks */,
				6D021ABD1B9D93310069094C /* Resources */,
			);
			buildRules = (
			);
			dependencies = (
			);
			name = Drawing;
			productName = Drawing;
			productReference = 6D021ABF1B9D93310069094C /* Drawing.app */;
			productType = "com.apple.product-type.application";
		};
		6D021AD71B9D93310069094C /* DrawingTests */ = {
			isa = PBXNativeTarget;
			buildConfigurationList = 6D021AE51B9D93310069094C /* Build configuration list for PBXNativeTarget "DrawingTests" */;
			buildPhases = (
				6D021AD41B9D93310069094C /* Sources */,
				6D021AD51B9D93310069094C /* Frameworks */,
				6D021AD61B9D93310069094C /* Resources */,
			);
			buildRules = (
			);
			dependencies = (
				6D021ADA1B9D93310069094C /* PBXTargetDependency */,
			);
			name = DrawingTests;
			productName = DrawingTests;
			productReference = 6D021AD81B9D93310069094C /* DrawingTests.xctest */;
			productType = "com.apple.product-type.bundle.unit-test";
		};
/* End PBXNativeTarget section */

/* Begin PBXProject section */
		6D021AB71B9D93310069094C /* Project object */ = {
			isa = PBXProject;
			attributes = {
				LastUpgradeCheck = 0700;
				ORGANIZATIONNAME = "Pavlo Dumyak";
				TargetAttributes = {
					6D021ABE1B9D93310069094C = {
						CreatedOnToolsVersion = 6.4;
					};
					6D021AD71B9D93310069094C = {
						CreatedOnToolsVersion = 6.4;
						TestTargetID = 6D021ABE1B9D93310069094C;
					};
				};
			};
			buildConfigurationList = 6D021ABA1B9D93310069094C /* Build configuration list for PBXProject "Drawing" */;
			compatibilityVersion = "Xcode 3.2";
			developmentRegion = English;
			hasScannedForEncodings = 0;
			knownRegions = (
				en,
				Base,
			);
			mainGroup = 6D021AB61B9D93310069094C;
			productRefGroup = 6D021AC01B9D93310069094C /* Products */;
			projectDirPath = "";
			projectRoot = "";
			targets = (
				6D021ABE1B9D93310069094C /* Drawing */,
				6D021AD71B9D93310069094C /* DrawingTests */,
			);
		};
/* End PBXProject section */

/* Begin PBXResourcesBuildPhase section */
		6D021ABD1B9D93310069094C /* Resources */ = {
			isa = PBXResourcesBuildPhase;
			buildActionMask = 2147483647;
			files = (
				6D021ACE1B9D93310069094C /* Main.storyboard in Resources */,
				6D021AD31B9D93310069094C /* LaunchScreen.xib in Resources */,
				6D021AD01B9D93310069094C /* Images.xcassets in Resources */,
			);
			runOnlyForDeploymentPostprocessing = 0;
		};
		6D021AD61B9D93310069094C /* Resources */ = {
			isa = PBXResourcesBuildPhase;
			buildActionMask = 2147483647;
			files = (
			);
			runOnlyForDeploymentPostprocessing = 0;
		};
/* End PBXResourcesBuildPhase section */

/* Begin PBXSourcesBuildPhase section */
		6D021ABB1B9D93310069094C /* Sources */ = {
			isa = PBXSourcesBuildPhase;
			buildActionMask = 2147483647;
			files = (
				6D021AC81B9D93310069094C /* AppDelegate.m in Sources */,
				6D021AC51B9D93310069094C /* main.m in Sources */,
				84EBFC1B1B9DCFBC0072395C /* DrawFigure.m in Sources */,
				6D44F4CE1BA6C92B00D220CC /* FigureController.m in Sources */,
				848857631BA31B24008FC036 /* ViewController.m in Sources */,
			);
			runOnlyForDeploymentPostprocessing = 0;
		};
		6D021AD41B9D93310069094C /* Sources */ = {
			isa = PBXSourcesBuildPhase;
			buildActionMask = 2147483647;
			files = (
				6D021ADF1B9D93310069094C /* DrawingTests.m in Sources */,
			);
			runOnlyForDeploymentPostprocessing = 0;
		};
/* End PBXSourcesBuildPhase section */

/* Begin PBXTargetDependency section */
		6D021ADA1B9D93310069094C /* PBXTargetDependency */ = {
			isa = PBXTargetDependency;
			target = 6D021ABE1B9D93310069094C /* Drawing */;
			targetProxy = 6D021AD91B9D93310069094C /* PBXContainerItemProxy */;
		};
/* End PBXTargetDependency section */

/* Begin PBXVariantGroup section */
		6D021ACC1B9D93310069094C /* Main.storyboard */ = {
			isa = PBXVariantGroup;
			children = (
				6D021ACD1B9D93310069094C /* Base */,
			);
			name = Main.storyboard;
			sourceTree = "<group>";
		};
		6D021AD11B9D93310069094C /* LaunchScreen.xib */ = {
			isa = PBXVariantGroup;
			children = (
				6D021AD21B9D93310069094C /* Base */,
			);
			name = LaunchScreen.xib;
			sourceTree = "<group>";
		};
/* End PBXVariantGroup section */

/* Begin XCBuildConfiguration section */
		6D021AE01B9D93310069094C /* Debug */ = {
			isa = XCBuildConfiguration;
			buildSettings = {
				ALWAYS_SEARCH_USER_PATHS = NO;
				CLANG_CXX_LANGUAGE_STANDARD = "gnu++0x";
				CLANG_CXX_LIBRARY = "libc++";
				CLANG_ENABLE_MODULES = YES;
				CLANG_ENABLE_OBJC_ARC = YES;
				CLANG_WARN_BOOL_CONVERSION = YES;
				CLANG_WARN_CONSTANT_CONVERSION = YES;
				CLANG_WARN_DIRECT_OBJC_ISA_USAGE = YES_ERROR;
				CLANG_WARN_EMPTY_BODY = YES;
				CLANG_WARN_ENUM_CONVERSION = YES;
				CLANG_WARN_INT_CONVERSION = YES;
				CLANG_WARN_OBJC_ROOT_CLASS = YES_ERROR;
				CLANG_WARN_UNREACHABLE_CODE = YES;
				CLANG_WARN__DUPLICATE_METHOD_MATCH = YES;
				"CODE_SIGN_IDENTITY[sdk=iphoneos*]" = "iPhone Developer";
				COPY_PHASE_STRIP = NO;
				DEBUG_INFORMATION_FORMAT = "dwarf-with-dsym";
				ENABLE_STRICT_OBJC_MSGSEND = YES;
				ENABLE_TESTABILITY = YES;
				GCC_C_LANGUAGE_STANDARD = gnu99;
				GCC_DYNAMIC_NO_PIC = NO;
				GCC_NO_COMMON_BLOCKS = YES;
				GCC_OPTIMIZATION_LEVEL = 0;
				GCC_PREPROCESSOR_DEFINITIONS = (
					"DEBUG=1",
					"$(inherited)",
				);
				GCC_SYMBOLS_PRIVATE_EXTERN = NO;
				GCC_WARN_64_TO_32_BIT_CONVERSION = YES;
				GCC_WARN_ABOUT_RETURN_TYPE = YES_ERROR;
				GCC_WARN_UNDECLARED_SELECTOR = YES;
				GCC_WARN_UNINITIALIZED_AUTOS = YES_AGGRESSIVE;
				GCC_WARN_UNUSED_FUNCTION = YES;
				GCC_WARN_UNUSED_VARIABLE = YES;
				IPHONEOS_DEPLOYMENT_TARGET = 8.4;
				MTL_ENABLE_DEBUG_INFO = YES;
				ONLY_ACTIVE_ARCH = YES;
				SDKROOT = iphoneos;
				TARGETED_DEVICE_FAMILY = "1,2";
			};
			name = Debug;
		};
		6D021AE11B9D93310069094C /* Release */ = {
			isa = XCBuildConfiguration;
			buildSettings = {
				ALWAYS_SEARCH_USER_PATHS = NO;
				CLANG_CXX_LANGUAGE_STANDARD = "gnu++0x";
				CLANG_CXX_LIBRARY = "libc++";
				CLANG_ENABLE_MODULES = YES;
				CLANG_ENABLE_OBJC_ARC = YES;
				CLANG_WARN_BOOL_CONVERSION = YES;
				CLANG_WARN_CONSTANT_CONVERSION = YES;
				CLANG_WARN_DIRECT_OBJC_ISA_USAGE = YES_ERROR;
				CLANG_WARN_EMPTY_BODY = YES;
				CLANG_WARN_ENUM_CONVERSION = YES;
				CLANG_WARN_INT_CONVERSION = YES;
				CLANG_WARN_OBJC_ROOT_CLASS = YES_ERROR;
				CLANG_WARN_UNREACHABLE_CODE = YES;
				CLANG_WARN__DUPLICATE_METHOD_MATCH = YES;
				"CODE_SIGN_IDENTITY[sdk=iphoneos*]" = "iPhone Developer";
				COPY_PHASE_STRIP = NO;
				DEBUG_INFORMATION_FORMAT = "dwarf-with-dsym";
				ENABLE_NS_ASSERTIONS = NO;
				ENABLE_STRICT_OBJC_MSGSEND = YES;
				GCC_C_LANGUAGE_STANDARD = gnu99;
				GCC_NO_COMMON_BLOCKS = YES;
				GCC_WARN_64_TO_32_BIT_CONVERSION = YES;
				GCC_WARN_ABOUT_RETURN_TYPE = YES_ERROR;
				GCC_WARN_UNDECLARED_SELECTOR = YES;
				GCC_WARN_UNINITIALIZED_AUTOS = YES_AGGRESSIVE;
				GCC_WARN_UNUSED_FUNCTION = YES;
				GCC_WARN_UNUSED_VARIABLE = YES;
				IPHONEOS_DEPLOYMENT_TARGET = 8.4;
				MTL_ENABLE_DEBUG_INFO = NO;
				SDKROOT = iphoneos;
				TARGETED_DEVICE_FAMILY = "1,2";
				VALIDATE_PRODUCT = YES;
			};
			name = Release;
		};
		6D021AE31B9D93310069094C /* Debug */ = {
			isa = XCBuildConfiguration;
			buildSettings = {
				ASSETCATALOG_COMPILER_APPICON_NAME = AppIcon;
				INFOPLIST_FILE = Drawing/Info.plist;
				IPHONEOS_DEPLOYMENT_TARGET = 8.0;
				LD_RUNPATH_SEARCH_PATHS = "$(inherited) @executable_path/Frameworks";
				PRODUCT_BUNDLE_IDENTIFIER = "-.$(PRODUCT_NAME:rfc1034identifier)";
				PRODUCT_NAME = "$(TARGET_NAME)";
				TARGETED_DEVICE_FAMILY = 1;
			};
			name = Debug;
		};
		6D021AE41B9D93310069094C /* Release */ = {
			isa = XCBuildConfiguration;
			buildSettings = {
				ASSETCATALOG_COMPILER_APPICON_NAME = AppIcon;
				INFOPLIST_FILE = Drawing/Info.plist;
				IPHONEOS_DEPLOYMENT_TARGET = 8.0;
				LD_RUNPATH_SEARCH_PATHS = "$(inherited) @executable_path/Frameworks";
				PRODUCT_BUNDLE_IDENTIFIER = "-.$(PRODUCT_NAME:rfc1034identifier)";
				PRODUCT_NAME = "$(TARGET_NAME)";
				TARGETED_DEVICE_FAMILY = 1;
			};
			name = Release;
		};
		6D021AE61B9D93310069094C /* Debug */ = {
			isa = XCBuildConfiguration;
			buildSettings = {
				BUNDLE_LOADER = "$(TEST_HOST)";
				FRAMEWORK_SEARCH_PATHS = (
					"$(SDKROOT)/Developer/Library/Frameworks",
					"$(inherited)",
				);
				GCC_PREPROCESSOR_DEFINITIONS = (
					"DEBUG=1",
					"$(inherited)",
				);
				INFOPLIST_FILE = DrawingTests/Info.plist;
				IPHONEOS_DEPLOYMENT_TARGET = 8.3;
				LD_RUNPATH_SEARCH_PATHS = "$(inherited) @executable_path/Frameworks @loader_path/Frameworks";
				PRODUCT_BUNDLE_IDENTIFIER = "-.$(PRODUCT_NAME:rfc1034identifier)";
				PRODUCT_NAME = "$(TARGET_NAME)";
				TEST_HOST = "$(BUILT_PRODUCTS_DIR)/Drawing.app/Drawing";
			};
			name = Debug;
		};
		6D021AE71B9D93310069094C /* Release */ = {
			isa = XCBuildConfiguration;
			buildSettings = {
				BUNDLE_LOADER = "$(TEST_HOST)";
				FRAMEWORK_SEARCH_PATHS = (
					"$(SDKROOT)/Developer/Library/Frameworks",
					"$(inherited)",
				);
				INFOPLIST_FILE = DrawingTests/Info.plist;
				IPHONEOS_DEPLOYMENT_TARGET = 8.3;
				LD_RUNPATH_SEARCH_PATHS = "$(inherited) @executable_path/Frameworks @loader_path/Frameworks";
				PRODUCT_BUNDLE_IDENTIFIER = "-.$(PRODUCT_NAME:rfc1034identifier)";
				PRODUCT_NAME = "$(TARGET_NAME)";
				TEST_HOST = "$(BUILT_PRODUCTS_DIR)/Drawing.app/Drawing";
			};
			name = Release;
		};
/* End XCBuildConfiguration section */

/* Begin XCConfigurationList section */
		6D021ABA1B9D93310069094C /* Build configuration list for PBXProject "Drawing" */ = {
			isa = XCConfigurationList;
			buildConfigurations = (
				6D021AE01B9D93310069094C /* Debug */,
				6D021AE11B9D93310069094C /* Release */,
			);
			defaultConfigurationIsVisible = 0;
			defaultConfigurationName = Release;
		};
		6D021AE21B9D93310069094C /* Build configuration list for PBXNativeTarget "Drawing" */ = {
			isa = XCConfigurationList;
			buildConfigurations = (
				6D021AE31B9D93310069094C /* Debug */,
				6D021AE41B9D93310069094C /* Release */,
			);
			defaultConfigurationIsVisible = 0;
			defaultConfigurationName = Release;
		};
		6D021AE51B9D93310069094C /* Build configuration list for PBXNativeTarget "DrawingTests" */ = {
			isa = XCConfigurationList;
			buildConfigurations = (
				6D021AE61B9D93310069094C /* Debug */,
				6D021AE71B9D93310069094C /* Release */,
			);
			defaultConfigurationIsVisible = 0;
			defaultConfigurationName = Release;
		};
/* End XCConfigurationList section */
	};
	rootObject = 6D021AB71B9D93310069094C /* Project object */;
}
